{
  "version": 4,
  "terraform_version": "0.12.24",
  "serial": 1,
  "lineage": "db00cacb-ae51-8a6c-4397-5d1543571f1f",
  "outputs": {},
  "resources": [
    {
      "mode": "managed",
      "type": "aws_vpc",
      "name": "vpc",
      "provider": "provider.aws",
      "instances": [
        {
          "schema_version": 1,
          "attributes": {
            "arn": "arn:aws:ec2:eu-west-2:515327903227:vpc/vpc-017c7ec0203ca43c3",
            "assign_generated_ipv6_cidr_block": false,
            "cidr_block": "10.8.0.0/16",
            "default_network_acl_id": "acl-09c4212a967a79d55",
            "default_route_table_id": "rtb-06c2a9804159dee1d",
            "default_security_group_id": "sg-03d78d6c6ff73acaf",
            "dhcp_options_id": "dopt-7bf6ab13",
            "enable_classiclink": null,
            "enable_classiclink_dns_support": null,
            "enable_dns_hostnames": false,
            "enable_dns_support": false,
            "id": "vpc-017c7ec0203ca43c3",
            "instance_tenancy": "default",
            "ipv6_association_id": "",
            "ipv6_cidr_block": "",
            "main_route_table_id": "rtb-06c2a9804159dee1d",
            "owner_id": "515327903227",
            "tags": null
          },
          "private": "eyJzY2hlbWFfdmVyc2lvbiI6IjEifQ=="
        }
      ]
    }
  ]
}
